
Microsoft Visual Studio Solution File, Format Version 12.00
# Visual Studio Version 17
VisualStudioVersion = 17.4.33103.184
MinimumVisualStudioVersion = 10.0.40219.1
Project("{FAE04EC0-301F-11D3-BF4B-00C04F79EFBC}") = "PlanoEnsino", "PlanoEnsino\PlanoEnsino.csproj", "{BED3CE9F-53CA-46E3-8464-F6FCC91D9238}"
EndProject
Global
	GlobalSection(SolutionConfigurationPlatforms) = preSolution
		Debug|Any CPU = Debug|Any CPU
		Release|Any CPU = Release|Any CPU
	EndGlobalSection
	GlobalSection(ProjectConfigurationPlatforms) = postSolution
		{BED3CE9F-53CA-46E3-8464-F6FCC91D9238}.Debug|Any CPU.ActiveCfg = Debug|Any CPU
		{BED3CE9F-53CA-46E3-8464-F6FCC91D9238}.Debug|Any CPU.Build.0 = Debug|Any CPU
		{BED3CE9F-53CA-46E3-8464-F6FCC91D9238}.Release|Any CPU.ActiveCfg = Release|Any CPU
		{BED3CE9F-53CA-46E3-8464-F6FCC91D9238}.Release|Any CPU.Build.0 = Release|Any CPU
	EndGlobalSection
	GlobalSection(SolutionProperties) = preSolution
		HideSolutionNode = FALSE
	EndGlobalSection
	GlobalSection(ExtensibilityGlobals) = postSolution
		SolutionGuid = {5BD6AD42-B5EB-486E-9BF0-700A8254FA05}
	EndGlobalSection
EndGlobal
