
Microsoft Visual Studio Solution File, Format Version 12.00
# Visual Studio Version 17
VisualStudioVersion = 17.4.33103.184
MinimumVisualStudioVersion = 10.0.40219.1
Project("{FAE04EC0-301F-11D3-BF4B-00C04F79EFBC}") = "ClinicaWebEF", "ClinicaWebEF\ClinicaWebEF.csproj", "{4520EB70-3EA4-4966-87E7-945F1CFC5C36}"
EndProject
Global
	GlobalSection(SolutionConfigurationPlatforms) = preSolution
		Debug|Any CPU = Debug|Any CPU
		Release|Any CPU = Release|Any CPU
	EndGlobalSection
	GlobalSection(ProjectConfigurationPlatforms) = postSolution
		{4520EB70-3EA4-4966-87E7-945F1CFC5C36}.Debug|Any CPU.ActiveCfg = Debug|Any CPU
		{4520EB70-3EA4-4966-87E7-945F1CFC5C36}.Debug|Any CPU.Build.0 = Debug|Any CPU
		{4520EB70-3EA4-4966-87E7-945F1CFC5C36}.Release|Any CPU.ActiveCfg = Release|Any CPU
		{4520EB70-3EA4-4966-87E7-945F1CFC5C36}.Release|Any CPU.Build.0 = Release|Any CPU
	EndGlobalSection
	GlobalSection(SolutionProperties) = preSolution
		HideSolutionNode = FALSE
	EndGlobalSection
	GlobalSection(ExtensibilityGlobals) = postSolution
		SolutionGuid = {A9401EF9-3AD1-4263-A759-1221FA0493B9}
	EndGlobalSection
EndGlobal
