
Microsoft Visual Studio Solution File, Format Version 12.00
# Visual Studio Version 17
VisualStudioVersion = 17.4.33103.184
MinimumVisualStudioVersion = 10.0.40219.1
Project("{FAE04EC0-301F-11D3-BF4B-00C04F79EFBC}") = "ImobiliariaAPI", "ImobiliariaAPI\ImobiliariaAPI.csproj", "{32269271-4DC5-44D1-B415-9A7D8A199712}"
EndProject
Global
	GlobalSection(SolutionConfigurationPlatforms) = preSolution
		Debug|Any CPU = Debug|Any CPU
		Release|Any CPU = Release|Any CPU
	EndGlobalSection
	GlobalSection(ProjectConfigurationPlatforms) = postSolution
		{32269271-4DC5-44D1-B415-9A7D8A199712}.Debug|Any CPU.ActiveCfg = Debug|Any CPU
		{32269271-4DC5-44D1-B415-9A7D8A199712}.Debug|Any CPU.Build.0 = Debug|Any CPU
		{32269271-4DC5-44D1-B415-9A7D8A199712}.Release|Any CPU.ActiveCfg = Release|Any CPU
		{32269271-4DC5-44D1-B415-9A7D8A199712}.Release|Any CPU.Build.0 = Release|Any CPU
	EndGlobalSection
	GlobalSection(SolutionProperties) = preSolution
		HideSolutionNode = FALSE
	EndGlobalSection
	GlobalSection(ExtensibilityGlobals) = postSolution
		SolutionGuid = {A233F86D-6FA9-4178-8ACF-9DF44F6CA937}
	EndGlobalSection
EndGlobal
