
Microsoft Visual Studio Solution File, Format Version 12.00
# Visual Studio Version 17
VisualStudioVersion = 17.4.33103.184
MinimumVisualStudioVersion = 10.0.40219.1
Project("{FAE04EC0-301F-11D3-BF4B-00C04F79EFBC}") = "IWantApp", "IWantApp\IWantApp.csproj", "{67B6B2E8-EC2F-4489-AA9B-37B20D9E5880}"
EndProject
Global
	GlobalSection(SolutionConfigurationPlatforms) = preSolution
		Debug|Any CPU = Debug|Any CPU
		Release|Any CPU = Release|Any CPU
	EndGlobalSection
	GlobalSection(ProjectConfigurationPlatforms) = postSolution
		{67B6B2E8-EC2F-4489-AA9B-37B20D9E5880}.Debug|Any CPU.ActiveCfg = Debug|Any CPU
		{67B6B2E8-EC2F-4489-AA9B-37B20D9E5880}.Debug|Any CPU.Build.0 = Debug|Any CPU
		{67B6B2E8-EC2F-4489-AA9B-37B20D9E5880}.Release|Any CPU.ActiveCfg = Release|Any CPU
		{67B6B2E8-EC2F-4489-AA9B-37B20D9E5880}.Release|Any CPU.Build.0 = Release|Any CPU
	EndGlobalSection
	GlobalSection(SolutionProperties) = preSolution
		HideSolutionNode = FALSE
	EndGlobalSection
	GlobalSection(ExtensibilityGlobals) = postSolution
		SolutionGuid = {2250B3D3-E34A-42ED-B6F0-32A7F01BE68D}
	EndGlobalSection
EndGlobal
