
Microsoft Visual Studio Solution File, Format Version 12.00
# Visual Studio Version 17
VisualStudioVersion = 17.4.33103.184
MinimumVisualStudioVersion = 10.0.40219.1
Project("{FAE04EC0-301F-11D3-BF4B-00C04F79EFBC}") = "csv", "csv\csv.csproj", "{369F72E4-8D8E-48BC-BFCF-9D7B009DD0E5}"
EndProject
Global
	GlobalSection(SolutionConfigurationPlatforms) = preSolution
		Debug|Any CPU = Debug|Any CPU
		Release|Any CPU = Release|Any CPU
	EndGlobalSection
	GlobalSection(ProjectConfigurationPlatforms) = postSolution
		{369F72E4-8D8E-48BC-BFCF-9D7B009DD0E5}.Debug|Any CPU.ActiveCfg = Debug|Any CPU
		{369F72E4-8D8E-48BC-BFCF-9D7B009DD0E5}.Debug|Any CPU.Build.0 = Debug|Any CPU
		{369F72E4-8D8E-48BC-BFCF-9D7B009DD0E5}.Release|Any CPU.ActiveCfg = Release|Any CPU
		{369F72E4-8D8E-48BC-BFCF-9D7B009DD0E5}.Release|Any CPU.Build.0 = Release|Any CPU
	EndGlobalSection
	GlobalSection(SolutionProperties) = preSolution
		HideSolutionNode = FALSE
	EndGlobalSection
	GlobalSection(ExtensibilityGlobals) = postSolution
		SolutionGuid = {5B8E3C39-24BB-447D-B005-2831F0727196}
	EndGlobalSection
EndGlobal
